
Microsoft Visual Studio Solution File, Format Version 12.00
# Visual Studio Version 17
VisualStudioVersion = 17.2.32630.192
MinimumVisualStudioVersion = 10.0.40219.1
Project("{8BC9CEB8-8B4A-11D0-8D11-00A0C91BC942}") = "InternetC++", "InternetC++\InternetC++.vcxproj", "{44B8A214-6CAE-464E-AC40-6F6CC0C883A2}"
EndProject
Project("{8BC9CEB8-8B4A-11D0-8D11-00A0C91BC942}") = "NetCommon", "NetCommon\NetCommon.vcxproj", "{3DE60E6B-02CA-4FD2-ABC4-D00C2ED839D0}"
EndProject
Project("{8BC9CEB8-8B4A-11D0-8D11-00A0C91BC942}") = "NetClient", "NetClient\NetClient.vcxproj", "{50247E37-A3B5-4CB8-89AF-718DBEC764A6}"
	ProjectSection(ProjectDependencies) = postProject
		{3DE60E6B-02CA-4FD2-ABC4-D00C2ED839D0} = {3DE60E6B-02CA-4FD2-ABC4-D00C2ED839D0}
	EndProjectSection
EndProject
Global
	GlobalSection(SolutionConfigurationPlatforms) = preSolution
		Debug|x64 = Debug|x64
		Debug|x86 = Debug|x86
		Release|x64 = Release|x64
		Release|x86 = Release|x86
	EndGlobalSection
	GlobalSection(ProjectConfigurationPlatforms) = postSolution
		{44B8A214-6CAE-464E-AC40-6F6CC0C883A2}.Debug|x64.ActiveCfg = Debug|x64
		{44B8A214-6CAE-464E-AC40-6F6CC0C883A2}.Debug|x64.Build.0 = Debug|x64
		{44B8A214-6CAE-464E-AC40-6F6CC0C883A2}.Debug|x86.ActiveCfg = Debug|Win32
		{44B8A214-6CAE-464E-AC40-6F6CC0C883A2}.Debug|x86.Build.0 = Debug|Win32
		{44B8A214-6CAE-464E-AC40-6F6CC0C883A2}.Release|x64.ActiveCfg = Release|x64
		{44B8A214-6CAE-464E-AC40-6F6CC0C883A2}.Release|x64.Build.0 = Release|x64
		{44B8A214-6CAE-464E-AC40-6F6CC0C883A2}.Release|x86.ActiveCfg = Release|Win32
		{44B8A214-6CAE-464E-AC40-6F6CC0C883A2}.Release|x86.Build.0 = Release|Win32
		{3DE60E6B-02CA-4FD2-ABC4-D00C2ED839D0}.Debug|x64.ActiveCfg = Debug|x64
		{3DE60E6B-02CA-4FD2-ABC4-D00C2ED839D0}.Debug|x64.Build.0 = Debug|x64
		{3DE60E6B-02CA-4FD2-ABC4-D00C2ED839D0}.Debug|x86.ActiveCfg = Debug|Win32
		{3DE60E6B-02CA-4FD2-ABC4-D00C2ED839D0}.Debug|x86.Build.0 = Debug|Win32
		{3DE60E6B-02CA-4FD2-ABC4-D00C2ED839D0}.Release|x64.ActiveCfg = Release|x64
		{3DE60E6B-02CA-4FD2-ABC4-D00C2ED839D0}.Release|x64.Build.0 = Release|x64
		{3DE60E6B-02CA-4FD2-ABC4-D00C2ED839D0}.Release|x86.ActiveCfg = Release|Win32
		{3DE60E6B-02CA-4FD2-ABC4-D00C2ED839D0}.Release|x86.Build.0 = Release|Win32
		{50247E37-A3B5-4CB8-89AF-718DBEC764A6}.Debug|x64.ActiveCfg = Debug|x64
		{50247E37-A3B5-4CB8-89AF-718DBEC764A6}.Debug|x64.Build.0 = Debug|x64
		{50247E37-A3B5-4CB8-89AF-718DBEC764A6}.Debug|x86.ActiveCfg = Debug|Win32
		{50247E37-A3B5-4CB8-89AF-718DBEC764A6}.Debug|x86.Build.0 = Debug|Win32
		{50247E37-A3B5-4CB8-89AF-718DBEC764A6}.Release|x64.ActiveCfg = Release|x64
		{50247E37-A3B5-4CB8-89AF-718DBEC764A6}.Release|x64.Build.0 = Release|x64
		{50247E37-A3B5-4CB8-89AF-718DBEC764A6}.Release|x86.ActiveCfg = Release|Win32
		{50247E37-A3B5-4CB8-89AF-718DBEC764A6}.Release|x86.Build.0 = Release|Win32
	EndGlobalSection
	GlobalSection(SolutionProperties) = preSolution
		HideSolutionNode = FALSE
	EndGlobalSection
	GlobalSection(ExtensibilityGlobals) = postSolution
		SolutionGuid = {C6029761-6550-4A44-9D7F-A7AF5279DCC0}
	EndGlobalSection
EndGlobal
